# THIS IS AN AUTOGENERATED FILE. DO NOT EDIT THIS FILE DIRECTLY.
# yarn lockfile v1


dotenv@^16.0.0:
  version "16.0.0"
  resolved "https://registry.yarnpkg.com/dotenv/-/dotenv-16.0.0.tgz#c619001253be89ebb638d027b609c75c26e47411"
  integrity sha512-qD9WU0MPM4SWLPJy/r2Be+2WgQj8plChsyrCNQzW/0WjvcJQiKQJ9mH3ZgB3fxbUUxgc/11ZJ0Fi5KiimWGz2Q==

twitter-api-v2@^1.11.2:
  version "1.11.2"
  resolved "https://registry.yarnpkg.com/twitter-api-v2/-/twitter-api-v2-1.11.2.tgz#6faa91cb8b12121c182c33e473b792d7175702df"
  integrity sha512-BqXmq6nTyKMNrCDgC/Pr05xU9lG20wiRqHTRXaKGqGE9fLOicV8ziJiNnapuVM6N4HmRI4/cKPijfuC1QF6Tzw==
